// !$*UTF8*$!
{
	archiveVersion = 1;
	classes = {
	};
	objectVersion = 46;
	objects = {

/* Begin PBXBuildFile section */
		244F4EA81D7C452200B3F49D /* main.m in Sources */ = {isa = PBXBuildFile; fileRef = 244F4EA71D7C452200B3F49D /* main.m */; };
		244F4EAB1D7C452200B3F49D /* AppDelegate.m in Sources */ = {isa = PBXBuildFile; fileRef = 244F4EAA1D7C452200B3F49D /* AppDelegate.m */; };
		244F4EB11D7C452200B3F49D /* Main.storyboard in Resources */ = {isa = PBXBuildFile; fileRef = 244F4EAF1D7C452200B3F49D /* Main.storyboard */; };
		244F4EB31D7C452200B3F49D /* Assets.xcassets in Resources */ = {isa = PBXBuildFile; fileRef = 244F4EB21D7C452200B3F49D /* Assets.xcassets */; };
		244F4EB61D7C452200B3F49D /* LaunchScreen.storyboard in Resources */ = {isa = PBXBuildFile; fileRef = 244F4EB41D7C452200B3F49D /* LaunchScreen.storyboard */; };
		244F4EBF1D7C46AC00B3F49D /* TTNavAlphaTableViewController.m in Sources */ = {isa = PBXBuildFile; fileRef = 244F4EBE1D7C46AC00B3F49D /* TTNavAlphaTableViewController.m */; };
		244F4EC21D7C497400B3F49D /* UINavigationBar+NavAlpha.m in Sources */ = {isa = PBXBuildFile; fileRef = 244F4EC11D7C497400B3F49D /* UINavigationBar+NavAlpha.m */; };
/* End PBXBuildFile section */

/* Begin PBXFileReference section */
		244F4EA31D7C452200B3F49D /* 导航栏的渐变效果.app */ = {isa = PBXFileReference; explicitFileType = wrapper.application; includeInIndex = 0; path = "导航栏的渐变效果.app"; sourceTree = BUILT_PRODUCTS_DIR; };
		244F4EA71D7C452200B3F49D /* main.m */ = {isa = PBXFileReference; lastKnownFileType = sourcecode.c.objc; path = main.m; sourceTree = "<group>"; };
		244F4EA91D7C452200B3F49D /* AppDelegate.h */ = {isa = PBXFileReference; lastKnownFileType = sourcecode.c.h; path = AppDelegate.h; sourceTree = "<group>"; };
		244F4EAA1D7C452200B3F49D /* AppDelegate.m */ = {isa = PBXFileReference; lastKnownFileType = sourcecode.c.objc; path = AppDelegate.m; sourceTree = "<group>"; };
		244F4EB01D7C452200B3F49D /* Base */ = {isa = PBXFileReference; lastKnownFileType = file.storyboard; name = Base; path = Base.lproj/Main.storyboard; sourceTree = "<group>"; };
		244F4EB21D7C452200B3F49D /* Assets.xcassets */ = {isa = PBXFileReference; lastKnownFileType = folder.assetcatalog; path = Assets.xcassets; sourceTree = "<group>"; };
		244F4EB51D7C452200B3F49D /* Base */ = {isa = PBXFileReference; lastKnownFileType = file.storyboard; name = Base; path = Base.lproj/LaunchScreen.storyboard; sourceTree = "<group>"; };
		244F4EB71D7C452200B3F49D /* Info.plist */ = {isa = PBXFileReference; lastKnownFileType = text.plist.xml; path = Info.plist; sourceTree = "<group>"; };
		244F4EBD1D7C46AC00B3F49D /* TTNavAlphaTableViewController.h */ = {isa = PBXFileReference; fileEncoding = 4; lastKnownFileType = sourcecode.c.h; path = TTNavAlphaTableViewController.h; sourceTree = "<group>"; };
		244F4EBE1D7C46AC00B3F49D /* TTNavAlphaTableViewController.m */ = {isa = PBXFileReference; fileEncoding = 4; lastKnownFileType = sourcecode.c.objc; path = TTNavAlphaTableViewController.m; sourceTree = "<group>"; };
		244F4EC01D7C497400B3F49D /* UINavigationBar+NavAlpha.h */ = {isa = PBXFileReference; fileEncoding = 4; lastKnownFileType = sourcecode.c.h; path = "UINavigationBar+NavAlpha.h"; sourceTree = "<group>"; };
		244F4EC11D7C497400B3F49D /* UINavigationBar+NavAlpha.m */ = {isa = PBXFileReference; fileEncoding = 4; lastKnownFileType = sourcecode.c.objc; path = "UINavigationBar+NavAlpha.m"; sourceTree = "<group>"; };
/* End PBXFileReference section */

/* Begin PBXFrameworksBuildPhase section */
		244F4EA01D7C452200B3F49D /* Frameworks */ = {
			isa = PBXFrameworksBuildPhase;
			buildActionMask = 2147483647;
			files = (
			);
			runOnlyForDeploymentPostprocessing = 0;
		};
/* End PBXFrameworksBuildPhase section */

/* Begin PBXGroup section */
		244F4E9A1D7C452200B3F49D = {
			isa = PBXGroup;
			children = (
				244F4EA51D7C452200B3F49D /* 导航栏的渐变效果 */,
				244F4EA41D7C452200B3F49D /* Products */,
			);
			sourceTree = "<group>";
		};
		244F4EA41D7C452200B3F49D /* Products */ = {
			isa = PBXGroup;
			children = (
				244F4EA31D7C452200B3F49D /* 导航栏的渐变效果.app */,
			);
			name = Products;
			sourceTree = "<group>";
		};
		244F4EA51D7C452200B3F49D /* 导航栏的渐变效果 */ = {
			isa = PBXGroup;
			children = (
				244F4EA91D7C452200B3F49D /* AppDelegate.h */,
				244F4EAA1D7C452200B3F49D /* AppDelegate.m */,
				244F4EBD1D7C46AC00B3F49D /* TTNavAlphaTableViewController.h */,
				244F4EBE1D7C46AC00B3F49D /* TTNavAlphaTableViewController.m */,
				244F4EC01D7C497400B3F49D /* UINavigationBar+NavAlpha.h */,
				244F4EC11D7C497400B3F49D /* UINavigationBar+NavAlpha.m */,
				244F4EAF1D7C452200B3F49D /* Main.storyboard */,
				244F4EB21D7C452200B3F49D /* Assets.xcassets */,
				244F4EB41D7C452200B3F49D /* LaunchScreen.storyboard */,
				244F4EB71D7C452200B3F49D /* Info.plist */,
				244F4EA61D7C452200B3F49D /* Supporting Files */,
			);
			path = "导航栏的渐变效果";
			sourceTree = "<group>";
		};
		244F4EA61D7C452200B3F49D /* Supporting Files */ = {
			isa = PBXGroup;
			children = (
				244F4EA71D7C452200B3F49D /* main.m */,
			);
			name = "Supporting Files";
			sourceTree = "<group>";
		};
/* End PBXGroup section */

/* Begin PBXNativeTarget section */
		244F4EA21D7C452200B3F49D /* 导航栏的渐变效果 */ = {
			isa = PBXNativeTarget;
			buildConfigurationList = 244F4EBA1D7C452200B3F49D /* Build configuration list for PBXNativeTarget "导航栏的渐变效果" */;
			buildPhases = (
				244F4E9F1D7C452200B3F49D /* Sources */,
				244F4EA01D7C452200B3F49D /* Frameworks */,
				244F4EA11D7C452200B3F49D /* Resources */,
			);
			buildRules = (
			);
			dependencies = (
			);
			name = "导航栏的渐变效果";
			productName = "导航栏的渐变效果";
			productReference = 244F4EA31D7C452200B3F49D /* 导航栏的渐变效果.app */;
			productType = "com.apple.product-type.application";
		};
/* End PBXNativeTarget section */

/* Begin PBXProject section */
		244F4E9B1D7C452200B3F49D /* Project object */ = {
			isa = PBXProject;
			attributes = {
				LastUpgradeCheck = 0730;
				ORGANIZATIONNAME = "涂世展";
				TargetAttributes = {
					244F4EA21D7C452200B3F49D = {
						CreatedOnToolsVersion = 7.3;
						DevelopmentTeam = 2QTNDH5AL6;
					};
				};
			};
			buildConfigurationList = 244F4E9E1D7C452200B3F49D /* Build configuration list for PBXProject "导航栏的渐变效果" */;
			compatibilityVersion = "Xcode 3.2";
			developmentRegion = English;
			hasScannedForEncodings = 0;
			knownRegions = (
				en,
				Base,
			);
			mainGroup = 244F4E9A1D7C452200B3F49D;
			productRefGroup = 244F4EA41D7C452200B3F49D /* Products */;
			projectDirPath = "";
			projectRoot = "";
			targets = (
				244F4EA21D7C452200B3F49D /* 导航栏的渐变效果 */,
			);
		};
/* End PBXProject section */

/* Begin PBXResourcesBuildPhase section */
		244F4EA11D7C452200B3F49D /* Resources */ = {
			isa = PBXResourcesBuildPhase;
			buildActionMask = 2147483647;
			files = (
				244F4EB61D7C452200B3F49D /* LaunchScreen.storyboard in Resources */,
				244F4EB31D7C452200B3F49D /* Assets.xcassets in Resources */,
				244F4EB11D7C452200B3F49D /* Main.storyboard in Resources */,
			);
			runOnlyForDeploymentPostprocessing = 0;
		};
/* End PBXResourcesBuildPhase section */

/* Begin PBXSourcesBuildPhase section */
		244F4E9F1D7C452200B3F49D /* Sources */ = {
			isa = PBXSourcesBuildPhase;
			buildActionMask = 2147483647;
			files = (
				244F4EAB1D7C452200B3F49D /* AppDelegate.m in Sources */,
				244F4EBF1D7C46AC00B3F49D /* TTNavAlphaTableViewController.m in Sources */,
				244F4EC21D7C497400B3F49D /* UINavigationBar+NavAlpha.m in Sources */,
				244F4EA81D7C452200B3F49D /* main.m in Sources */,
			);
			runOnlyForDeploymentPostprocessing = 0;
		};
/* End PBXSourcesBuildPhase section */

/* Begin PBXVariantGroup section */
		244F4EAF1D7C452200B3F49D /* Main.storyboard */ = {
			isa = PBXVariantGroup;
			children = (
				244F4EB01D7C452200B3F49D /* Base */,
			);
			name = Main.storyboard;
			sourceTree = "<group>";
		};
		244F4EB41D7C452200B3F49D /* LaunchScreen.storyboard */ = {
			isa = PBXVariantGroup;
			children = (
				244F4EB51D7C452200B3F49D /* Base */,
			);
			name = LaunchScreen.storyboard;
			sourceTree = "<group>";
		};
/* End PBXVariantGroup section */

/* Begin XCBuildConfiguration section */
		244F4EB81D7C452200B3F49D /* Debug */ = {
			isa = XCBuildConfiguration;
			buildSettings = {
				ALWAYS_SEARCH_USER_PATHS = NO;
				CLANG_ANALYZER_NONNULL = YES;
				CLANG_CXX_LANGUAGE_STANDARD = "gnu++0x";
				CLANG_CXX_LIBRARY = "libc++";
				CLANG_ENABLE_MODULES = YES;
				CLANG_ENABLE_OBJC_ARC = YES;
				CLANG_WARN_BOOL_CONVERSION = YES;
				CLANG_WARN_CONSTANT_CONVERSION = YES;
				CLANG_WARN_DIRECT_OBJC_ISA_USAGE = YES_ERROR;
				CLANG_WARN_EMPTY_BODY = YES;
				CLANG_WARN_ENUM_CONVERSION = YES;
				CLANG_WARN_INT_CONVERSION = YES;
				CLANG_WARN_OBJC_ROOT_CLASS = YES_ERROR;
				CLANG_WARN_UNREACHABLE_CODE = YES;
				CLANG_WARN__DUPLICATE_METHOD_MATCH = YES;
				"CODE_SIGN_IDENTITY[sdk=iphoneos*]" = "iPhone Developer";
				COPY_PHASE_STRIP = NO;
				DEBUG_INFORMATION_FORMAT = dwarf;
				ENABLE_STRICT_OBJC_MSGSEND = YES;
				ENABLE_TESTABILITY = YES;
				GCC_C_LANGUAGE_STANDARD = gnu99;
				GCC_DYNAMIC_NO_PIC = NO;
				GCC_NO_COMMON_BLOCKS = YES;
				GCC_OPTIMIZATION_LEVEL = 0;
				GCC_PREPROCESSOR_DEFINITIONS = (
					"DEBUG=1",
					"$(inherited)",
				);
				GCC_WARN_64_TO_32_BIT_CONVERSION = YES;
				GCC_WARN_ABOUT_RETURN_TYPE = YES_ERROR;
				GCC_WARN_UNDECLARED_SELECTOR = YES;
				GCC_WARN_UNINITIALIZED_AUTOS = YES_AGGRESSIVE;
				GCC_WARN_UNUSED_FUNCTION = YES;
				GCC_WARN_UNUSED_VARIABLE = YES;
				IPHONEOS_DEPLOYMENT_TARGET = 9.3;
				MTL_ENABLE_DEBUG_INFO = YES;
				ONLY_ACTIVE_ARCH = YES;
				SDKROOT = iphoneos;
			};
			name = Debug;
		};
		244F4EB91D7C452200B3F49D /* Release */ = {
			isa = XCBuildConfiguration;
			buildSettings = {
				ALWAYS_SEARCH_USER_PATHS = NO;
				CLANG_ANALYZER_NONNULL = YES;
				CLANG_CXX_LANGUAGE_STANDARD = "gnu++0x";
				CLANG_CXX_LIBRARY = "libc++";
				CLANG_ENABLE_MODULES = YES;
				CLANG_ENABLE_OBJC_ARC = YES;
				CLANG_WARN_BOOL_CONVERSION = YES;
				CLANG_WARN_CONSTANT_CONVERSION = YES;
				CLANG_WARN_DIRECT_OBJC_ISA_USAGE = YES_ERROR;
				CLANG_WARN_EMPTY_BODY = YES;
				CLANG_WARN_ENUM_CONVERSION = YES;
				CLANG_WARN_INT_CONVERSION = YES;
				CLANG_WARN_OBJC_ROOT_CLASS = YES_ERROR;
				CLANG_WARN_UNREACHABLE_CODE = YES;
				CLANG_WARN__DUPLICATE_METHOD_MATCH = YES;
				"CODE_SIGN_IDENTITY[sdk=iphoneos*]" = "iPhone Developer";
				COPY_PHASE_STRIP = NO;
				DEBUG_INFORMATION_FORMAT = "dwarf-with-dsym";
				ENABLE_NS_ASSERTIONS = NO;
				ENABLE_STRICT_OBJC_MSGSEND = YES;
				GCC_C_LANGUAGE_STANDARD = gnu99;
				GCC_NO_COMMON_BLOCKS = YES;
				GCC_WARN_64_TO_32_BIT_CONVERSION = YES;
				GCC_WARN_ABOUT_RETURN_TYPE = YES_ERROR;
				GCC_WARN_UNDECLARED_SELECTOR = YES;
				GCC_WARN_UNINITIALIZED_AUTOS = YES_AGGRESSIVE;
				GCC_WARN_UNUSED_FUNCTION = YES;
				GCC_WARN_UNUSED_VARIABLE = YES;
				IPHONEOS_DEPLOYMENT_TARGET = 9.3;
				MTL_ENABLE_DEBUG_INFO = NO;
				SDKROOT = iphoneos;
				VALIDATE_PRODUCT = YES;
			};
			name = Release;
		};
		244F4EBB1D7C452200B3F49D /* Debug */ = {
			isa = XCBuildConfiguration;
			buildSettings = {
				ASSETCATALOG_COMPILER_APPICON_NAME = AppIcon;
				INFOPLIST_FILE = "导航栏的渐变效果/Info.plist";
				LD_RUNPATH_SEARCH_PATHS = "$(inherited) @executable_path/Frameworks";
				PRODUCT_BUNDLE_IDENTIFIER = "cn.itheima.--------";
				PRODUCT_NAME = "$(TARGET_NAME)";
			};
			name = Debug;
		};
		244F4EBC1D7C452200B3F49D /* Release */ = {
			isa = XCBuildConfiguration;
			buildSettings = {
				ASSETCATALOG_COMPILER_APPICON_NAME = AppIcon;
				INFOPLIST_FILE = "导航栏的渐变效果/Info.plist";
				LD_RUNPATH_SEARCH_PATHS = "$(inherited) @executable_path/Frameworks";
				PRODUCT_BUNDLE_IDENTIFIER = "cn.itheima.--------";
				PRODUCT_NAME = "$(TARGET_NAME)";
			};
			name = Release;
		};
/* End XCBuildConfiguration section */

/* Begin XCConfigurationList section */
		244F4E9E1D7C452200B3F49D /* Build configuration list for PBXProject "导航栏的渐变效果" */ = {
			isa = XCConfigurationList;
			buildConfigurations = (
				244F4EB81D7C452200B3F49D /* Debug */,
				244F4EB91D7C452200B3F49D /* Release */,
			);
			defaultConfigurationIsVisible = 0;
			defaultConfigurationName = Release;
		};
		244F4EBA1D7C452200B3F49D /* Build configuration list for PBXNativeTarget "导航栏的渐变效果" */ = {
			isa = XCConfigurationList;
			buildConfigurations = (
				244F4EBB1D7C452200B3F49D /* Debug */,
				244F4EBC1D7C452200B3F49D /* Release */,
			);
			defaultConfigurationIsVisible = 0;
		};
/* End XCConfigurationList section */
	};
	rootObject = 244F4E9B1D7C452200B3F49D /* Project object */;
}
